
Microsoft Visual Studio Solution File, Format Version 12.00
# Visual Studio Version 17
VisualStudioVersion = 17.0.31903.59
MinimumVisualStudioVersion = 10.0.40219.1
Project("{FAE04EC0-301F-11D3-BF4B-00C04F79EFBC}") = "QueryBuilder", "QueryBuilder\QueryBuilder.csproj", "{8D22CD3B-6D45-4CC6-9BAA-1D07F0274FDE}"
EndProject
Project("{FAE04EC0-301F-11D3-BF4B-00C04F79EFBC}") = "QueryBuilderTests", "QueryBuilderTests\QueryBuilderTests.csproj", "{8017AC57-BD91-4EFC-8597-26CEC05ACE16}"
EndProject
Global
	GlobalSection(SolutionConfigurationPlatforms) = preSolution
		Debug|Any CPU = Debug|Any CPU
		Release|Any CPU = Release|Any CPU
	EndGlobalSection
	GlobalSection(SolutionProperties) = preSolution
		HideSolutionNode = FALSE
	EndGlobalSection
	GlobalSection(ProjectConfigurationPlatforms) = postSolution
		{8D22CD3B-6D45-4CC6-9BAA-1D07F0274FDE}.Debug|Any CPU.ActiveCfg = Debug|Any CPU
		{8D22CD3B-6D45-4CC6-9BAA-1D07F0274FDE}.Debug|Any CPU.Build.0 = Debug|Any CPU
		{8D22CD3B-6D45-4CC6-9BAA-1D07F0274FDE}.Release|Any CPU.ActiveCfg = Release|Any CPU
		{8D22CD3B-6D45-4CC6-9BAA-1D07F0274FDE}.Release|Any CPU.Build.0 = Release|Any CPU
		{8017AC57-BD91-4EFC-8597-26CEC05ACE16}.Debug|Any CPU.ActiveCfg = Debug|Any CPU
		{8017AC57-BD91-4EFC-8597-26CEC05ACE16}.Debug|Any CPU.Build.0 = Debug|Any CPU
		{8017AC57-BD91-4EFC-8597-26CEC05ACE16}.Release|Any CPU.ActiveCfg = Release|Any CPU
		{8017AC57-BD91-4EFC-8597-26CEC05ACE16}.Release|Any CPU.Build.0 = Release|Any CPU
	EndGlobalSection
EndGlobal
